
Microsoft Visual Studio Solution File, Format Version 12.00
# Visual Studio 15
VisualStudioVersion = 15.0.28307.902
MinimumVisualStudioVersion = 10.0.40219.1
Project("{FAE04EC0-301F-11D3-BF4B-00C04F79EFBC}") = "X509CerficationSolution", "X509CerficationSolution\X509CerficationSolution.csproj", "{935C77D8-05A5-4E05-B571-70E5397BA5DC}"
EndProject
Global
	GlobalSection(SolutionConfigurationPlatforms) = preSolution
		Debug|Any CPU = Debug|Any CPU
		Release|Any CPU = Release|Any CPU
	EndGlobalSection
	GlobalSection(ProjectConfigurationPlatforms) = postSolution
		{935C77D8-05A5-4E05-B571-70E5397BA5DC}.Debug|Any CPU.ActiveCfg = Debug|Any CPU
		{935C77D8-05A5-4E05-B571-70E5397BA5DC}.Debug|Any CPU.Build.0 = Debug|Any CPU
		{935C77D8-05A5-4E05-B571-70E5397BA5DC}.Release|Any CPU.ActiveCfg = Release|Any CPU
		{935C77D8-05A5-4E05-B571-70E5397BA5DC}.Release|Any CPU.Build.0 = Release|Any CPU
	EndGlobalSection
	GlobalSection(SolutionProperties) = preSolution
		HideSolutionNode = FALSE
	EndGlobalSection
	GlobalSection(ExtensibilityGlobals) = postSolution
		SolutionGuid = {272269FE-9038-4CE7-8620-6C0AD8099AF7}
	EndGlobalSection
EndGlobal
